// !$*UTF8*$!
{
	archiveVersion = 1;
	classes = {
	};
	objectVersion = 55;
	objects = {

/* Begin PBXBuildFile section */
		4A0D8AC828865319003CFAEE /* FruitOrder.swift in Sources */ = {isa = PBXBuildFile; fileRef = 4A0D8AC728865319003CFAEE /* FruitOrder.swift */; };
		4A0D8ACA28865370003CFAEE /* FruitSaleInfo.swift in Sources */ = {isa = PBXBuildFile; fileRef = 4A0D8AC928865370003CFAEE /* FruitSaleInfo.swift */; };
		4A0D8ACE288679C7003CFAEE /* FruitStatus.swift in Sources */ = {isa = PBXBuildFile; fileRef = 4A0D8ACD288679C7003CFAEE /* FruitStatus.swift */; };
		4A1867522886F7ED00630023 /* Storage.swift in Sources */ = {isa = PBXBuildFile; fileRef = 4A1867512886F7ED00630023 /* Storage.swift */; };
		4A1867542886FE8C00630023 /* Encodable+Extension.swift in Sources */ = {isa = PBXBuildFile; fileRef = 4A1867532886FE8C00630023 /* Encodable+Extension.swift */; };
		4A1867562886FFAE00630023 /* Decodable+Extension.swift in Sources */ = {isa = PBXBuildFile; fileRef = 4A1867552886FFAE00630023 /* Decodable+Extension.swift */; };
		4A1867582887871A00630023 /* addOrder.swift in Sources */ = {isa = PBXBuildFile; fileRef = 4A1867572887871A00630023 /* addOrder.swift */; };
		4A2BECD92887C3E40007441F /* Date+Extension.swift in Sources */ = {isa = PBXBuildFile; fileRef = 4A2BECD82887C3E40007441F /* Date+Extension.swift */; };
		4ACD0015287FEF9C00BBEB4D /* Font+Extension.swift in Sources */ = {isa = PBXBuildFile; fileRef = 4ACD0014287FEF9C00BBEB4D /* Font+Extension.swift */; };
		4ACD001E288073D600BBEB4D /* UIView+Extension.swift in Sources */ = {isa = PBXBuildFile; fileRef = 4ACD001D288073D600BBEB4D /* UIView+Extension.swift */; };
		4ACD0024288103E100BBEB4D /* Home.storyboard in Resources */ = {isa = PBXBuildFile; fileRef = 4ACD0023288103E100BBEB4D /* Home.storyboard */; };
		4ACD00272881041400BBEB4D /* HomeViewController.swift in Sources */ = {isa = PBXBuildFile; fileRef = 4ACD00262881041400BBEB4D /* HomeViewController.swift */; };
		4ACD00292881079400BBEB4D /* FruitBackground.swift in Sources */ = {isa = PBXBuildFile; fileRef = 4ACD00282881079400BBEB4D /* FruitBackground.swift */; };
		4ACD002D2881948900BBEB4D /* FruitStatusLabel.swift in Sources */ = {isa = PBXBuildFile; fileRef = 4ACD002C2881948900BBEB4D /* FruitStatusLabel.swift */; };
		4ACD002F2881A73000BBEB4D /* NSMutableAttributedString_Extension.swift in Sources */ = {isa = PBXBuildFile; fileRef = 4ACD002E2881A73000BBEB4D /* NSMutableAttributedString_Extension.swift */; };
		4ACD00332881A7AA00BBEB4D /* String+Extension.swift in Sources */ = {isa = PBXBuildFile; fileRef = 4ACD00322881A7AA00BBEB4D /* String+Extension.swift */; };
		4ACD00352881C59600BBEB4D /* FruitCell.swift in Sources */ = {isa = PBXBuildFile; fileRef = 4ACD00342881C59600BBEB4D /* FruitCell.swift */; };
		4ACD00392881CB5A00BBEB4D /* FruitCellButton.swift in Sources */ = {isa = PBXBuildFile; fileRef = 4ACD00382881CB5A00BBEB4D /* FruitCellButton.swift */; };
		4ACD003D2881CD5000BBEB4D /* FruitCellButtonView.swift in Sources */ = {isa = PBXBuildFile; fileRef = 4ACD003C2881CD5000BBEB4D /* FruitCellButtonView.swift */; };
		4ACD00412882630B00BBEB4D /* UIImage+Extension.swift in Sources */ = {isa = PBXBuildFile; fileRef = 4ACD00402882630B00BBEB4D /* UIImage+Extension.swift */; };
		4AD892DB287E9B7200A01BA3 /* InitSetting.storyboard in Resources */ = {isa = PBXBuildFile; fileRef = 4AD892DA287E9B7200A01BA3 /* InitSetting.storyboard */; };
		4AD892DD287EA21F00A01BA3 /* FruitTextField.swift in Sources */ = {isa = PBXBuildFile; fileRef = 4AD892DC287EA21F00A01BA3 /* FruitTextField.swift */; };
		4AD892DF287EA4B000A01BA3 /* GoogleService-Info.plist in Resources */ = {isa = PBXBuildFile; fileRef = 4AD892DE287EA4AF00A01BA3 /* GoogleService-Info.plist */; };
		4AD892E3287F0A9200A01BA3 /* InitSettingViewController.swift in Sources */ = {isa = PBXBuildFile; fileRef = 4AD892E2287F0A9200A01BA3 /* InitSettingViewController.swift */; };
		4AD892E5287F0DC500A01BA3 /* FruitUser.swift in Sources */ = {isa = PBXBuildFile; fileRef = 4AD892E4287F0DC500A01BA3 /* FruitUser.swift */; };
		4AD892E7287F0FE100A01BA3 /* Constants.swift in Sources */ = {isa = PBXBuildFile; fileRef = 4AD892E6287F0FE100A01BA3 /* Constants.swift */; };
		4ADDB5E32886A5C900238006 /* convertFruit.swift in Sources */ = {isa = PBXBuildFile; fileRef = 4ADDB5E22886A5C900238006 /* convertFruit.swift */; };
		5216C4252886F07300EB58A8 /* OrderResult.storyboard in Resources */ = {isa = PBXBuildFile; fileRef = 5216C4242886F07300EB58A8 /* OrderResult.storyboard */; };
		5216C4272886F09200EB58A8 /* OrderResultViewController.swift in Sources */ = {isa = PBXBuildFile; fileRef = 5216C4262886F09200EB58A8 /* OrderResultViewController.swift */; };
		5222B33C2887819C0072B83D /* SheetRow.swift in Sources */ = {isa = PBXBuildFile; fileRef = 5222B33B2887819C0072B83D /* SheetRow.swift */; };
		522AEE892887AED1007ADD6D /* SheetTable.swift in Sources */ = {isa = PBXBuildFile; fileRef = 522AEE882887AED1007ADD6D /* SheetTable.swift */; };
		522AEE8B28882B7C007ADD6D /* AccountRow.swift in Sources */ = {isa = PBXBuildFile; fileRef = 522AEE8A28882B7C007ADD6D /* AccountRow.swift */; };
		522AEE8F28885827007ADD6D /* ConfirmStatus.storyboard in Resources */ = {isa = PBXBuildFile; fileRef = 522AEE8E28885827007ADD6D /* ConfirmStatus.storyboard */; };
		522AEE912888583C007ADD6D /* ConfirmStatusViewController.swift in Sources */ = {isa = PBXBuildFile; fileRef = 522AEE902888583C007ADD6D /* ConfirmStatusViewController.swift */; };
		5230C63B2880FDAF0069583B /* CheckOrder.storyboard in Resources */ = {isa = PBXBuildFile; fileRef = 5230C63A2880FDAF0069583B /* CheckOrder.storyboard */; };
		5230C63D2880FDC50069583B /* CheckOrderViewController.swift in Sources */ = {isa = PBXBuildFile; fileRef = 5230C63C2880FDC50069583B /* CheckOrderViewController.swift */; };
		526189532890BA360059BFB0 /* FirebaseAuth in Frameworks */ = {isa = PBXBuildFile; productRef = 526189522890BA360059BFB0 /* FirebaseAuth */; };
		526189552890BA3A0059BFB0 /* FirebaseFirestore in Frameworks */ = {isa = PBXBuildFile; productRef = 526189542890BA3A0059BFB0 /* FirebaseFirestore */; };
		526189572890D7930059BFB0 /* FruitLottie.json in Resources */ = {isa = PBXBuildFile; fileRef = 526189562890D7930059BFB0 /* FruitLottie.json */; };
		5261895A2890E3E00059BFB0 /* Lottie in Frameworks */ = {isa = PBXBuildFile; productRef = 526189592890E3E00059BFB0 /* Lottie */; };
		52CCDDD3288F7C1700382548 /* (null) in Sources */ = {isa = PBXBuildFile; };
		52D0534E287BAF9000FF87DD /* AppDelegate.swift in Sources */ = {isa = PBXBuildFile; fileRef = 52D0534D287BAF9000FF87DD /* AppDelegate.swift */; };
		52D05350287BAF9000FF87DD /* SceneDelegate.swift in Sources */ = {isa = PBXBuildFile; fileRef = 52D0534F287BAF9000FF87DD /* SceneDelegate.swift */; };
		52D05357287BAF9100FF87DD /* Assets.xcassets in Resources */ = {isa = PBXBuildFile; fileRef = 52D05356287BAF9100FF87DD /* Assets.xcassets */; };
		52D0535A287BAF9100FF87DD /* LaunchScreen.storyboard in Resources */ = {isa = PBXBuildFile; fileRef = 52D05358287BAF9100FF87DD /* LaunchScreen.storyboard */; };
		52F046DE2886FEBE00A61FD7 /* OrderSheet.swift in Sources */ = {isa = PBXBuildFile; fileRef = 52F046DD2886FEBE00A61FD7 /* OrderSheet.swift */; };
		D213CFC4288EAA930038F6E4 /* SettingViewController.swift in Sources */ = {isa = PBXBuildFile; fileRef = D213CFC3288EAA930038F6E4 /* SettingViewController.swift */; };
		D213CFC6288EAAFC0038F6E4 /* Setting.storyboard in Resources */ = {isa = PBXBuildFile; fileRef = D213CFC5288EAAFC0038F6E4 /* Setting.storyboard */; };
		D213CFC8288EC4F90038F6E4 /* FruitSettingTextField.swift in Sources */ = {isa = PBXBuildFile; fileRef = D213CFC7288EC4F90038F6E4 /* FruitSettingTextField.swift */; };
		D213CFCB288F88050038F6E4 /* Calendar.storyboard in Resources */ = {isa = PBXBuildFile; fileRef = D213CFCA288F88050038F6E4 /* Calendar.storyboard */; };
		D213CFCD288F88140038F6E4 /* CalendarViewController.swift in Sources */ = {isa = PBXBuildFile; fileRef = D213CFCC288F88140038F6E4 /* CalendarViewController.swift */; };
		D26F0290288FD72700BDA9F2 /* FruitDayCell.swift in Sources */ = {isa = PBXBuildFile; fileRef = D26F028F288FD72700BDA9F2 /* FruitDayCell.swift */; };
		D26F0292288FDA9D00BDA9F2 /* MonthModel.swift in Sources */ = {isa = PBXBuildFile; fileRef = D26F0291288FDA9D00BDA9F2 /* MonthModel.swift */; };
		D26F029428901EE200BDA9F2 /* FruitWeekCell.swift in Sources */ = {isa = PBXBuildFile; fileRef = D26F029328901EE200BDA9F2 /* FruitWeekCell.swift */; };
		D26F02982890230E00BDA9F2 /* FruitMonthView.swift in Sources */ = {isa = PBXBuildFile; fileRef = D26F02972890230E00BDA9F2 /* FruitMonthView.swift */; };
		D26F029A28910A2300BDA9F2 /* FruitMonthCell.swift in Sources */ = {isa = PBXBuildFile; fileRef = D26F029928910A2300BDA9F2 /* FruitMonthCell.swift */; };
		D2C81583288A54B7001AD894 /* FirebaseFirestore in Frameworks */ = {isa = PBXBuildFile; productRef = D2C81582288A54B7001AD894 /* FirebaseFirestore */; };
		D2C81585288A54B7001AD894 /* FirebaseFirestoreSwift in Frameworks */ = {isa = PBXBuildFile; productRef = D2C81584288A54B7001AD894 /* FirebaseFirestoreSwift */; };
		D2C81587288A717E001AD894 /* FruitStatusCell.swift in Sources */ = {isa = PBXBuildFile; fileRef = D2C81586288A717E001AD894 /* FruitStatusCell.swift */; };
		D2DF56DE288E42900064B9A1 /* FruitType.swift in Sources */ = {isa = PBXBuildFile; fileRef = D2DF56DD288E42900064B9A1 /* FruitType.swift */; };
/* End PBXBuildFile section */

/* Begin PBXFileReference section */
		4A0D8AC728865319003CFAEE /* FruitOrder.swift */ = {isa = PBXFileReference; lastKnownFileType = sourcecode.swift; path = FruitOrder.swift; sourceTree = "<group>"; };
		4A0D8AC928865370003CFAEE /* FruitSaleInfo.swift */ = {isa = PBXFileReference; lastKnownFileType = sourcecode.swift; path = FruitSaleInfo.swift; sourceTree = "<group>"; };
		4A0D8ACD288679C7003CFAEE /* FruitStatus.swift */ = {isa = PBXFileReference; lastKnownFileType = sourcecode.swift; path = FruitStatus.swift; sourceTree = "<group>"; };
		4A1867512886F7ED00630023 /* Storage.swift */ = {isa = PBXFileReference; lastKnownFileType = sourcecode.swift; path = Storage.swift; sourceTree = "<group>"; };
		4A1867532886FE8C00630023 /* Encodable+Extension.swift */ = {isa = PBXFileReference; lastKnownFileType = sourcecode.swift; path = "Encodable+Extension.swift"; sourceTree = "<group>"; };
		4A1867552886FFAE00630023 /* Decodable+Extension.swift */ = {isa = PBXFileReference; lastKnownFileType = sourcecode.swift; path = "Decodable+Extension.swift"; sourceTree = "<group>"; };
		4A1867572887871A00630023 /* addOrder.swift */ = {isa = PBXFileReference; lastKnownFileType = sourcecode.swift; path = addOrder.swift; sourceTree = "<group>"; };
		4A2BECD82887C3E40007441F /* Date+Extension.swift */ = {isa = PBXFileReference; lastKnownFileType = sourcecode.swift; path = "Date+Extension.swift"; sourceTree = "<group>"; };
		4ACD0014287FEF9C00BBEB4D /* Font+Extension.swift */ = {isa = PBXFileReference; lastKnownFileType = sourcecode.swift; path = "Font+Extension.swift"; sourceTree = "<group>"; };
		4ACD001D288073D600BBEB4D /* UIView+Extension.swift */ = {isa = PBXFileReference; lastKnownFileType = sourcecode.swift; path = "UIView+Extension.swift"; sourceTree = "<group>"; };
		4ACD0023288103E100BBEB4D /* Home.storyboard */ = {isa = PBXFileReference; lastKnownFileType = file.storyboard; path = Home.storyboard; sourceTree = "<group>"; };
		4ACD00262881041400BBEB4D /* HomeViewController.swift */ = {isa = PBXFileReference; lastKnownFileType = sourcecode.swift; path = HomeViewController.swift; sourceTree = "<group>"; };
		4ACD00282881079400BBEB4D /* FruitBackground.swift */ = {isa = PBXFileReference; lastKnownFileType = sourcecode.swift; path = FruitBackground.swift; sourceTree = "<group>"; };
		4ACD002C2881948900BBEB4D /* FruitStatusLabel.swift */ = {isa = PBXFileReference; lastKnownFileType = sourcecode.swift; path = FruitStatusLabel.swift; sourceTree = "<group>"; };
		4ACD002E2881A73000BBEB4D /* NSMutableAttributedString_Extension.swift */ = {isa = PBXFileReference; lastKnownFileType = sourcecode.swift; path = NSMutableAttributedString_Extension.swift; sourceTree = "<group>"; };
		4ACD00322881A7AA00BBEB4D /* String+Extension.swift */ = {isa = PBXFileReference; lastKnownFileType = sourcecode.swift; path = "String+Extension.swift"; sourceTree = "<group>"; };
		4ACD00342881C59600BBEB4D /* FruitCell.swift */ = {isa = PBXFileReference; lastKnownFileType = sourcecode.swift; path = FruitCell.swift; sourceTree = "<group>"; };
		4ACD00382881CB5A00BBEB4D /* FruitCellButton.swift */ = {isa = PBXFileReference; lastKnownFileType = sourcecode.swift; path = FruitCellButton.swift; sourceTree = "<group>"; };
		4ACD003C2881CD5000BBEB4D /* FruitCellButtonView.swift */ = {isa = PBXFileReference; lastKnownFileType = sourcecode.swift; path = FruitCellButtonView.swift; sourceTree = "<group>"; };
		4ACD00402882630B00BBEB4D /* UIImage+Extension.swift */ = {isa = PBXFileReference; lastKnownFileType = sourcecode.swift; path = "UIImage+Extension.swift"; sourceTree = "<group>"; };
		4AD892DA287E9B7200A01BA3 /* InitSetting.storyboard */ = {isa = PBXFileReference; lastKnownFileType = file.storyboard; path = InitSetting.storyboard; sourceTree = "<group>"; };
		4AD892DC287EA21F00A01BA3 /* FruitTextField.swift */ = {isa = PBXFileReference; lastKnownFileType = sourcecode.swift; path = FruitTextField.swift; sourceTree = "<group>"; };
		4AD892DE287EA4AF00A01BA3 /* GoogleService-Info.plist */ = {isa = PBXFileReference; fileEncoding = 4; lastKnownFileType = text.plist.xml; path = "GoogleService-Info.plist"; sourceTree = "<group>"; };
		4AD892E2287F0A9200A01BA3 /* InitSettingViewController.swift */ = {isa = PBXFileReference; lastKnownFileType = sourcecode.swift; path = InitSettingViewController.swift; sourceTree = "<group>"; };
		4AD892E4287F0DC500A01BA3 /* FruitUser.swift */ = {isa = PBXFileReference; lastKnownFileType = sourcecode.swift; path = FruitUser.swift; sourceTree = "<group>"; };
		4AD892E6287F0FE100A01BA3 /* Constants.swift */ = {isa = PBXFileReference; lastKnownFileType = sourcecode.swift; path = Constants.swift; sourceTree = "<group>"; };
		4ADDB5E22886A5C900238006 /* convertFruit.swift */ = {isa = PBXFileReference; lastKnownFileType = sourcecode.swift; path = convertFruit.swift; sourceTree = "<group>"; };
		5216C4242886F07300EB58A8 /* OrderResult.storyboard */ = {isa = PBXFileReference; lastKnownFileType = file.storyboard; path = OrderResult.storyboard; sourceTree = "<group>"; };
		5216C4262886F09200EB58A8 /* OrderResultViewController.swift */ = {isa = PBXFileReference; lastKnownFileType = sourcecode.swift; path = OrderResultViewController.swift; sourceTree = "<group>"; };
		5222B33B2887819C0072B83D /* SheetRow.swift */ = {isa = PBXFileReference; lastKnownFileType = sourcecode.swift; path = SheetRow.swift; sourceTree = "<group>"; };
		522AEE882887AED1007ADD6D /* SheetTable.swift */ = {isa = PBXFileReference; lastKnownFileType = sourcecode.swift; path = SheetTable.swift; sourceTree = "<group>"; };
		522AEE8A28882B7C007ADD6D /* AccountRow.swift */ = {isa = PBXFileReference; lastKnownFileType = sourcecode.swift; path = AccountRow.swift; sourceTree = "<group>"; };
		522AEE8E28885827007ADD6D /* ConfirmStatus.storyboard */ = {isa = PBXFileReference; lastKnownFileType = file.storyboard; path = ConfirmStatus.storyboard; sourceTree = "<group>"; };
		522AEE902888583C007ADD6D /* ConfirmStatusViewController.swift */ = {isa = PBXFileReference; lastKnownFileType = sourcecode.swift; path = ConfirmStatusViewController.swift; sourceTree = "<group>"; };
		5230C63A2880FDAF0069583B /* CheckOrder.storyboard */ = {isa = PBXFileReference; lastKnownFileType = file.storyboard; path = CheckOrder.storyboard; sourceTree = "<group>"; };
		5230C63C2880FDC50069583B /* CheckOrderViewController.swift */ = {isa = PBXFileReference; lastKnownFileType = sourcecode.swift; path = CheckOrderViewController.swift; sourceTree = "<group>"; };
		526189562890D7930059BFB0 /* FruitLottie.json */ = {isa = PBXFileReference; fileEncoding = 4; lastKnownFileType = text.json; path = FruitLottie.json; sourceTree = "<group>"; };
		52D0534A287BAF9000FF87DD /* FruitFruit.app */ = {isa = PBXFileReference; explicitFileType = wrapper.application; includeInIndex = 0; path = FruitFruit.app; sourceTree = BUILT_PRODUCTS_DIR; };
		52D0534D287BAF9000FF87DD /* AppDelegate.swift */ = {isa = PBXFileReference; lastKnownFileType = sourcecode.swift; path = AppDelegate.swift; sourceTree = "<group>"; };
		52D0534F287BAF9000FF87DD /* SceneDelegate.swift */ = {isa = PBXFileReference; lastKnownFileType = sourcecode.swift; path = SceneDelegate.swift; sourceTree = "<group>"; };
		52D05356287BAF9100FF87DD /* Assets.xcassets */ = {isa = PBXFileReference; lastKnownFileType = folder.assetcatalog; path = Assets.xcassets; sourceTree = "<group>"; };
		52D05359287BAF9100FF87DD /* Base */ = {isa = PBXFileReference; lastKnownFileType = file.storyboard; name = Base; path = Base.lproj/LaunchScreen.storyboard; sourceTree = "<group>"; };
		52D0535B287BAF9100FF87DD /* Info.plist */ = {isa = PBXFileReference; lastKnownFileType = text.plist.xml; path = Info.plist; sourceTree = "<group>"; };
		52F046DD2886FEBE00A61FD7 /* OrderSheet.swift */ = {isa = PBXFileReference; lastKnownFileType = sourcecode.swift; path = OrderSheet.swift; sourceTree = "<group>"; };
		D213CFC3288EAA930038F6E4 /* SettingViewController.swift */ = {isa = PBXFileReference; lastKnownFileType = sourcecode.swift; path = SettingViewController.swift; sourceTree = "<group>"; };
		D213CFC5288EAAFC0038F6E4 /* Setting.storyboard */ = {isa = PBXFileReference; lastKnownFileType = file.storyboard; path = Setting.storyboard; sourceTree = "<group>"; };
		D213CFC7288EC4F90038F6E4 /* FruitSettingTextField.swift */ = {isa = PBXFileReference; lastKnownFileType = sourcecode.swift; path = FruitSettingTextField.swift; sourceTree = "<group>"; };
		D213CFCA288F88050038F6E4 /* Calendar.storyboard */ = {isa = PBXFileReference; lastKnownFileType = file.storyboard; path = Calendar.storyboard; sourceTree = "<group>"; };
		D213CFCC288F88140038F6E4 /* CalendarViewController.swift */ = {isa = PBXFileReference; lastKnownFileType = sourcecode.swift; path = CalendarViewController.swift; sourceTree = "<group>"; };
		D26F028F288FD72700BDA9F2 /* FruitDayCell.swift */ = {isa = PBXFileReference; lastKnownFileType = sourcecode.swift; path = FruitDayCell.swift; sourceTree = "<group>"; };
		D26F0291288FDA9D00BDA9F2 /* MonthModel.swift */ = {isa = PBXFileReference; lastKnownFileType = sourcecode.swift; path = MonthModel.swift; sourceTree = "<group>"; };
		D26F029328901EE200BDA9F2 /* FruitWeekCell.swift */ = {isa = PBXFileReference; lastKnownFileType = sourcecode.swift; path = FruitWeekCell.swift; sourceTree = "<group>"; };
		D26F02972890230E00BDA9F2 /* FruitMonthView.swift */ = {isa = PBXFileReference; lastKnownFileType = sourcecode.swift; path = FruitMonthView.swift; sourceTree = "<group>"; };
		D26F029928910A2300BDA9F2 /* FruitMonthCell.swift */ = {isa = PBXFileReference; lastKnownFileType = sourcecode.swift; path = FruitMonthCell.swift; sourceTree = "<group>"; };
		D2C81586288A717E001AD894 /* FruitStatusCell.swift */ = {isa = PBXFileReference; lastKnownFileType = sourcecode.swift; path = FruitStatusCell.swift; sourceTree = "<group>"; };
		D2DF56DD288E42900064B9A1 /* FruitType.swift */ = {isa = PBXFileReference; fileEncoding = 4; lastKnownFileType = sourcecode.swift; path = FruitType.swift; sourceTree = "<group>"; };
/* End PBXFileReference section */

/* Begin PBXFrameworksBuildPhase section */
		52D05347287BAF9000FF87DD /* Frameworks */ = {
			isa = PBXFrameworksBuildPhase;
			buildActionMask = 2147483647;
			files = (
				526189532890BA360059BFB0 /* FirebaseAuth in Frameworks */,
				526189552890BA3A0059BFB0 /* FirebaseFirestore in Frameworks */,
				5261895A2890E3E00059BFB0 /* Lottie in Frameworks */,
			);
			runOnlyForDeploymentPostprocessing = 0;
		};
/* End PBXFrameworksBuildPhase section */

/* Begin PBXGroup section */
		4A14564F287FC663007CBED0 /* InitStoryboard */ = {
			isa = PBXGroup;
			children = (
				4AD892DC287EA21F00A01BA3 /* FruitTextField.swift */,
				4AD892DA287E9B7200A01BA3 /* InitSetting.storyboard */,
			);
			path = InitStoryboard;
			sourceTree = "<group>";
		};
		4ACD0016287FEFA100BBEB4D /* Extension */ = {
			isa = PBXGroup;
			children = (
				4ACD0014287FEF9C00BBEB4D /* Font+Extension.swift */,
				4ACD001D288073D600BBEB4D /* UIView+Extension.swift */,
				4ACD002E2881A73000BBEB4D /* NSMutableAttributedString_Extension.swift */,
				4ACD00322881A7AA00BBEB4D /* String+Extension.swift */,
				4ACD00402882630B00BBEB4D /* UIImage+Extension.swift */,
				4A1867532886FE8C00630023 /* Encodable+Extension.swift */,
				4A1867552886FFAE00630023 /* Decodable+Extension.swift */,
				4A2BECD82887C3E40007441F /* Date+Extension.swift */,
			);
			path = Extension;
			sourceTree = "<group>";
		};
		4ACD0025288103E800BBEB4D /* HomeStoryboard */ = {
			isa = PBXGroup;
			children = (
				4ACD0023288103E100BBEB4D /* Home.storyboard */,
				4ACD002C2881948900BBEB4D /* FruitStatusLabel.swift */,
				4ACD00342881C59600BBEB4D /* FruitCell.swift */,
				4ACD00382881CB5A00BBEB4D /* FruitCellButton.swift */,
				4ACD003C2881CD5000BBEB4D /* FruitCellButtonView.swift */,
				D2C81586288A717E001AD894 /* FruitStatusCell.swift */,
			);
			path = HomeStoryboard;
			sourceTree = "<group>";
		};
		4AD892E8287F0FE700A01BA3 /* Utilities */ = {
			isa = PBXGroup;
			children = (
				4AD892E6287F0FE100A01BA3 /* Constants.swift */,
				4ADDB5E22886A5C900238006 /* convertFruit.swift */,
				4A1867512886F7ED00630023 /* Storage.swift */,
				4A1867572887871A00630023 /* addOrder.swift */,
			);
			path = Utilities;
			sourceTree = "<group>";
		};
		5216C4232886F05200EB58A8 /* OrderResultStoryboard */ = {
			isa = PBXGroup;
			children = (
				5216C4242886F07300EB58A8 /* OrderResult.storyboard */,
				52F046DD2886FEBE00A61FD7 /* OrderSheet.swift */,
				522AEE882887AED1007ADD6D /* SheetTable.swift */,
				5222B33B2887819C0072B83D /* SheetRow.swift */,
				522AEE8A28882B7C007ADD6D /* AccountRow.swift */,
			);
			path = OrderResultStoryboard;
			sourceTree = "<group>";
		};
		52237896288FE1CF00E0D6ED /* Recovered References */ = {
			isa = PBXGroup;
			children = (
			);
			name = "Recovered References";
			sourceTree = "<group>";
		};
		522AEE8D2888580E007ADD6D /* ConfirmStatusStoryboard */ = {
			isa = PBXGroup;
			children = (
				522AEE8E28885827007ADD6D /* ConfirmStatus.storyboard */,
			);
			path = ConfirmStatusStoryboard;
			sourceTree = "<group>";
		};
		5230C6392880FD6B0069583B /* CheckOrderStoryboard */ = {
			isa = PBXGroup;
			children = (
				526189562890D7930059BFB0 /* FruitLottie.json */,
				5230C63A2880FDAF0069583B /* CheckOrder.storyboard */,
			);
			path = CheckOrderStoryboard;
			sourceTree = "<group>";
		};
		52D05341287BAF9000FF87DD = {
			isa = PBXGroup;
			children = (
				52D0534C287BAF9000FF87DD /* FruitFruit */,
				52D0534B287BAF9000FF87DD /* Products */,
				52DCDE6F28850EB6002EC639 /* Frameworks */,
				52237896288FE1CF00E0D6ED /* Recovered References */,
			);
			sourceTree = "<group>";
		};
		52D0534B287BAF9000FF87DD /* Products */ = {
			isa = PBXGroup;
			children = (
				52D0534A287BAF9000FF87DD /* FruitFruit.app */,
			);
			name = Products;
			sourceTree = "<group>";
		};
		52D0534C287BAF9000FF87DD /* FruitFruit */ = {
			isa = PBXGroup;
			children = (
				52D0534D287BAF9000FF87DD /* AppDelegate.swift */,
				52D0534F287BAF9000FF87DD /* SceneDelegate.swift */,
				52D05363287BB6A200FF87DD /* Models */,
				52D05362287BB69600FF87DD /* Views */,
				52D05361287BB68500FF87DD /* Controllers */,
				52D05356287BAF9100FF87DD /* Assets.xcassets */,
				52D05358287BAF9100FF87DD /* LaunchScreen.storyboard */,
				52D0535B287BAF9100FF87DD /* Info.plist */,
				4AD892DE287EA4AF00A01BA3 /* GoogleService-Info.plist */,
				4AD892E8287F0FE700A01BA3 /* Utilities */,
				4ACD0016287FEFA100BBEB4D /* Extension */,
			);
			path = FruitFruit;
			sourceTree = "<group>";
		};
		52D05361287BB68500FF87DD /* Controllers */ = {
			isa = PBXGroup;
			children = (
				4AD892E2287F0A9200A01BA3 /* InitSettingViewController.swift */,
				5230C63C2880FDC50069583B /* CheckOrderViewController.swift */,
				4ACD00262881041400BBEB4D /* HomeViewController.swift */,
				5216C4262886F09200EB58A8 /* OrderResultViewController.swift */,
				522AEE902888583C007ADD6D /* ConfirmStatusViewController.swift */,
				D213CFC3288EAA930038F6E4 /* SettingViewController.swift */,
				D213CFCC288F88140038F6E4 /* CalendarViewController.swift */,
			);
			path = Controllers;
			sourceTree = "<group>";
		};
		52D05362287BB69600FF87DD /* Views */ = {
			isa = PBXGroup;
			children = (
				D213CFC9288F87F60038F6E4 /* CalendarStoryboard */,
				D213CFC0288EAA3A0038F6E4 /* SettingStoryboard */,
				522AEE8D2888580E007ADD6D /* ConfirmStatusStoryboard */,
				5216C4232886F05200EB58A8 /* OrderResultStoryboard */,
				5230C6392880FD6B0069583B /* CheckOrderStoryboard */,
				4ACD00282881079400BBEB4D /* FruitBackground.swift */,
				4A14564F287FC663007CBED0 /* InitStoryboard */,
				4ACD0025288103E800BBEB4D /* HomeStoryboard */,
			);
			path = Views;
			sourceTree = "<group>";
		};
		52D05363287BB6A200FF87DD /* Models */ = {
			isa = PBXGroup;
			children = (
				4AD892E4287F0DC500A01BA3 /* FruitUser.swift */,
				4A0D8AC728865319003CFAEE /* FruitOrder.swift */,
				4A0D8AC928865370003CFAEE /* FruitSaleInfo.swift */,
				4A0D8ACD288679C7003CFAEE /* FruitStatus.swift */,
				D2DF56DD288E42900064B9A1 /* FruitType.swift */,
				D26F0291288FDA9D00BDA9F2 /* MonthModel.swift */,
			);
			path = Models;
			sourceTree = "<group>";
		};
		52DCDE6F28850EB6002EC639 /* Frameworks */ = {
			isa = PBXGroup;
			children = (
			);
			name = Frameworks;
			sourceTree = "<group>";
		};
		D213CFC0288EAA3A0038F6E4 /* SettingStoryboard */ = {
			isa = PBXGroup;
			children = (
				D213CFC5288EAAFC0038F6E4 /* Setting.storyboard */,
				D213CFC7288EC4F90038F6E4 /* FruitSettingTextField.swift */,
			);
			path = SettingStoryboard;
			sourceTree = "<group>";
		};
		D213CFC9288F87F60038F6E4 /* CalendarStoryboard */ = {
			isa = PBXGroup;
			children = (
				D213CFCA288F88050038F6E4 /* Calendar.storyboard */,
				D26F028F288FD72700BDA9F2 /* FruitDayCell.swift */,
				D26F029328901EE200BDA9F2 /* FruitWeekCell.swift */,
				D26F02972890230E00BDA9F2 /* FruitMonthView.swift */,
				D26F029928910A2300BDA9F2 /* FruitMonthCell.swift */,
			);
			path = CalendarStoryboard;
			sourceTree = "<group>";
		};
/* End PBXGroup section */

/* Begin PBXNativeTarget section */
		52D05349287BAF9000FF87DD /* FruitFruit */ = {
			isa = PBXNativeTarget;
			buildConfigurationList = 52D0535E287BAF9100FF87DD /* Build configuration list for PBXNativeTarget "FruitFruit" */;
			buildPhases = (
				52D05346287BAF9000FF87DD /* Sources */,
				52D05347287BAF9000FF87DD /* Frameworks */,
				52D05348287BAF9000FF87DD /* Resources */,
			);
			buildRules = (
			);
			dependencies = (
			);
			name = FruitFruit;
			packageProductDependencies = (
				526189522890BA360059BFB0 /* FirebaseAuth */,
				526189542890BA3A0059BFB0 /* FirebaseFirestore */,
				526189592890E3E00059BFB0 /* Lottie */,
			);
			productName = FruitFruit;
			productReference = 52D0534A287BAF9000FF87DD /* FruitFruit.app */;
			productType = "com.apple.product-type.application";
		};
/* End PBXNativeTarget section */

/* Begin PBXProject section */
		52D05342287BAF9000FF87DD /* Project object */ = {
			isa = PBXProject;
			attributes = {
				BuildIndependentTargetsInParallel = 1;
				LastSwiftUpdateCheck = 1330;
				LastUpgradeCheck = 1340;
				TargetAttributes = {
					52D05349287BAF9000FF87DD = {
						CreatedOnToolsVersion = 13.3;
					};
				};
			};
			buildConfigurationList = 52D05345287BAF9000FF87DD /* Build configuration list for PBXProject "FruitFruit" */;
			compatibilityVersion = "Xcode 13.0";
			developmentRegion = en;
			hasScannedForEncodings = 0;
			knownRegions = (
				en,
				Base,
			);
			mainGroup = 52D05341287BAF9000FF87DD;
			packageReferences = (
				526189502890B9570059BFB0 /* XCRemoteSwiftPackageReference "firebase-ios-sdk" */,
				526189512890B9AE0059BFB0 /* XCRemoteSwiftPackageReference "firebase-ios-sdk" */,
				526189582890E3DF0059BFB0 /* XCRemoteSwiftPackageReference "lottie-ios" */,
			);
			productRefGroup = 52D0534B287BAF9000FF87DD /* Products */;
			projectDirPath = "";
			projectRoot = "";
			targets = (
				52D05349287BAF9000FF87DD /* FruitFruit */,
			);
		};
/* End PBXProject section */

/* Begin PBXResourcesBuildPhase section */
		52D05348287BAF9000FF87DD /* Resources */ = {
			isa = PBXResourcesBuildPhase;
			buildActionMask = 2147483647;
			files = (
				5230C63B2880FDAF0069583B /* CheckOrder.storyboard in Resources */,
				526189572890D7930059BFB0 /* FruitLottie.json in Resources */,
				522AEE8F28885827007ADD6D /* ConfirmStatus.storyboard in Resources */,
				52D0535A287BAF9100FF87DD /* LaunchScreen.storyboard in Resources */,
				4ACD0024288103E100BBEB4D /* Home.storyboard in Resources */,
				4AD892DF287EA4B000A01BA3 /* GoogleService-Info.plist in Resources */,
				D213CFC6288EAAFC0038F6E4 /* Setting.storyboard in Resources */,
				52D05357287BAF9100FF87DD /* Assets.xcassets in Resources */,
				4AD892DB287E9B7200A01BA3 /* InitSetting.storyboard in Resources */,
				D213CFCB288F88050038F6E4 /* Calendar.storyboard in Resources */,
				5216C4252886F07300EB58A8 /* OrderResult.storyboard in Resources */,
			);
			runOnlyForDeploymentPostprocessing = 0;
		};
/* End PBXResourcesBuildPhase section */

/* Begin PBXSourcesBuildPhase section */
		52D05346287BAF9000FF87DD /* Sources */ = {
			isa = PBXSourcesBuildPhase;
			buildActionMask = 2147483647;
			files = (
				4ADDB5E32886A5C900238006 /* convertFruit.swift in Sources */,
				52D0534E287BAF9000FF87DD /* AppDelegate.swift in Sources */,
				4A0D8AC828865319003CFAEE /* FruitOrder.swift in Sources */,
				4A0D8ACE288679C7003CFAEE /* FruitStatus.swift in Sources */,
				4AD892E5287F0DC500A01BA3 /* FruitUser.swift in Sources */,
				4A1867522886F7ED00630023 /* Storage.swift in Sources */,
				5230C63D2880FDC50069583B /* CheckOrderViewController.swift in Sources */,
				4AD892E5287F0DC500A01BA3 /* FruitUser.swift in Sources */,
				522AEE8B28882B7C007ADD6D /* AccountRow.swift in Sources */,
				4AD892E3287F0A9200A01BA3 /* InitSettingViewController.swift in Sources */,
				4ACD002D2881948900BBEB4D /* FruitStatusLabel.swift in Sources */,
				4ACD00352881C59600BBEB4D /* FruitCell.swift in Sources */,
				4ACD003D2881CD5000BBEB4D /* FruitCellButtonView.swift in Sources */,
				4AD892E7287F0FE100A01BA3 /* Constants.swift in Sources */,
				5216C4272886F09200EB58A8 /* OrderResultViewController.swift in Sources */,
				4ACD00392881CB5A00BBEB4D /* FruitCellButton.swift in Sources */,
				4AD892DD287EA21F00A01BA3 /* FruitTextField.swift in Sources */,
				D213CFC4288EAA930038F6E4 /* SettingViewController.swift in Sources */,
				4A1867582887871A00630023 /* addOrder.swift in Sources */,
				D213CFC8288EC4F90038F6E4 /* FruitSettingTextField.swift in Sources */,
				4A1867562886FFAE00630023 /* Decodable+Extension.swift in Sources */,
				D213CFCD288F88140038F6E4 /* CalendarViewController.swift in Sources */,
				4ACD00332881A7AA00BBEB4D /* String+Extension.swift in Sources */,
				4ACD002F2881A73000BBEB4D /* NSMutableAttributedString_Extension.swift in Sources */,
				52F046DE2886FEBE00A61FD7 /* OrderSheet.swift in Sources */,
				D26F02982890230E00BDA9F2 /* FruitMonthView.swift in Sources */,
				52CCDDD3288F7C1700382548 /* (null) in Sources */,
				4ACD00272881041400BBEB4D /* HomeViewController.swift in Sources */,
				4A1867542886FE8C00630023 /* Encodable+Extension.swift in Sources */,
				D26F0292288FDA9D00BDA9F2 /* MonthModel.swift in Sources */,
				D2C81587288A717E001AD894 /* FruitStatusCell.swift in Sources */,
				522AEE892887AED1007ADD6D /* SheetTable.swift in Sources */,
				D26F029A28910A2300BDA9F2 /* FruitMonthCell.swift in Sources */,
				D26F0290288FD72700BDA9F2 /* FruitDayCell.swift in Sources */,
				4ACD00412882630B00BBEB4D /* UIImage+Extension.swift in Sources */,
				D26F029428901EE200BDA9F2 /* FruitWeekCell.swift in Sources */,
				4ACD0015287FEF9C00BBEB4D /* Font+Extension.swift in Sources */,
				4ACD001E288073D600BBEB4D /* UIView+Extension.swift in Sources */,
				522AEE912888583C007ADD6D /* ConfirmStatusViewController.swift in Sources */,
				4ACD00292881079400BBEB4D /* FruitBackground.swift in Sources */,
				4A2BECD92887C3E40007441F /* Date+Extension.swift in Sources */,
				4A0D8ACA28865370003CFAEE /* FruitSaleInfo.swift in Sources */,
				D2DF56DE288E42900064B9A1 /* FruitType.swift in Sources */,
				5222B33C2887819C0072B83D /* SheetRow.swift in Sources */,
				52D05350287BAF9000FF87DD /* SceneDelegate.swift in Sources */,
			);
			runOnlyForDeploymentPostprocessing = 0;
		};
/* End PBXSourcesBuildPhase section */

/* Begin PBXVariantGroup section */
		52D05358287BAF9100FF87DD /* LaunchScreen.storyboard */ = {
			isa = PBXVariantGroup;
			children = (
				52D05359287BAF9100FF87DD /* Base */,
			);
			name = LaunchScreen.storyboard;
			sourceTree = "<group>";
		};
/* End PBXVariantGroup section */

/* Begin XCBuildConfiguration section */
		52D0535C287BAF9100FF87DD /* Debug */ = {
			isa = XCBuildConfiguration;
			buildSettings = {
				ALWAYS_SEARCH_USER_PATHS = NO;
				CLANG_ANALYZER_NONNULL = YES;
				CLANG_ANALYZER_NUMBER_OBJECT_CONVERSION = YES_AGGRESSIVE;
				CLANG_CXX_LANGUAGE_STANDARD = "gnu++17";
				CLANG_ENABLE_MODULES = YES;
				CLANG_ENABLE_OBJC_ARC = YES;
				CLANG_ENABLE_OBJC_WEAK = YES;
				CLANG_WARN_BLOCK_CAPTURE_AUTORELEASING = YES;
				CLANG_WARN_BOOL_CONVERSION = YES;
				CLANG_WARN_COMMA = YES;
				CLANG_WARN_CONSTANT_CONVERSION = YES;
				CLANG_WARN_DEPRECATED_OBJC_IMPLEMENTATIONS = YES;
				CLANG_WARN_DIRECT_OBJC_ISA_USAGE = YES_ERROR;
				CLANG_WARN_DOCUMENTATION_COMMENTS = YES;
				CLANG_WARN_EMPTY_BODY = YES;
				CLANG_WARN_ENUM_CONVERSION = YES;
				CLANG_WARN_INFINITE_RECURSION = YES;
				CLANG_WARN_INT_CONVERSION = YES;
				CLANG_WARN_NON_LITERAL_NULL_CONVERSION = YES;
				CLANG_WARN_OBJC_IMPLICIT_RETAIN_SELF = YES;
				CLANG_WARN_OBJC_LITERAL_CONVERSION = YES;
				CLANG_WARN_OBJC_ROOT_CLASS = YES_ERROR;
				CLANG_WARN_QUOTED_INCLUDE_IN_FRAMEWORK_HEADER = YES;
				CLANG_WARN_RANGE_LOOP_ANALYSIS = YES;
				CLANG_WARN_STRICT_PROTOTYPES = YES;
				CLANG_WARN_SUSPICIOUS_MOVE = YES;
				CLANG_WARN_UNGUARDED_AVAILABILITY = YES_AGGRESSIVE;
				CLANG_WARN_UNREACHABLE_CODE = YES;
				CLANG_WARN__DUPLICATE_METHOD_MATCH = YES;
				COPY_PHASE_STRIP = NO;
				DEBUG_INFORMATION_FORMAT = dwarf;
				ENABLE_STRICT_OBJC_MSGSEND = YES;
				ENABLE_TESTABILITY = YES;
				GCC_C_LANGUAGE_STANDARD = gnu11;
				GCC_DYNAMIC_NO_PIC = NO;
				GCC_NO_COMMON_BLOCKS = YES;
				GCC_OPTIMIZATION_LEVEL = 0;
				GCC_PREPROCESSOR_DEFINITIONS = (
					"DEBUG=1",
					"$(inherited)",
				);
				GCC_WARN_64_TO_32_BIT_CONVERSION = YES;
				GCC_WARN_ABOUT_RETURN_TYPE = YES_ERROR;
				GCC_WARN_UNDECLARED_SELECTOR = YES;
				GCC_WARN_UNINITIALIZED_AUTOS = YES_AGGRESSIVE;
				GCC_WARN_UNUSED_FUNCTION = YES;
				GCC_WARN_UNUSED_VARIABLE = YES;
				IPHONEOS_DEPLOYMENT_TARGET = 15.4;
				MTL_ENABLE_DEBUG_INFO = INCLUDE_SOURCE;
				MTL_FAST_MATH = YES;
				ONLY_ACTIVE_ARCH = YES;
				SDKROOT = iphoneos;
				SWIFT_ACTIVE_COMPILATION_CONDITIONS = DEBUG;
				SWIFT_OPTIMIZATION_LEVEL = "-Onone";
			};
			name = Debug;
		};
		52D0535D287BAF9100FF87DD /* Release */ = {
			isa = XCBuildConfiguration;
			buildSettings = {
				ALWAYS_SEARCH_USER_PATHS = NO;
				CLANG_ANALYZER_NONNULL = YES;
				CLANG_ANALYZER_NUMBER_OBJECT_CONVERSION = YES_AGGRESSIVE;
				CLANG_CXX_LANGUAGE_STANDARD = "gnu++17";
				CLANG_ENABLE_MODULES = YES;
				CLANG_ENABLE_OBJC_ARC = YES;
				CLANG_ENABLE_OBJC_WEAK = YES;
				CLANG_WARN_BLOCK_CAPTURE_AUTORELEASING = YES;
				CLANG_WARN_BOOL_CONVERSION = YES;
				CLANG_WARN_COMMA = YES;
				CLANG_WARN_CONSTANT_CONVERSION = YES;
				CLANG_WARN_DEPRECATED_OBJC_IMPLEMENTATIONS = YES;
				CLANG_WARN_DIRECT_OBJC_ISA_USAGE = YES_ERROR;
				CLANG_WARN_DOCUMENTATION_COMMENTS = YES;
				CLANG_WARN_EMPTY_BODY = YES;
				CLANG_WARN_ENUM_CONVERSION = YES;
				CLANG_WARN_INFINITE_RECURSION = YES;
				CLANG_WARN_INT_CONVERSION = YES;
				CLANG_WARN_NON_LITERAL_NULL_CONVERSION = YES;
				CLANG_WARN_OBJC_IMPLICIT_RETAIN_SELF = YES;
				CLANG_WARN_OBJC_LITERAL_CONVERSION = YES;
				CLANG_WARN_OBJC_ROOT_CLASS = YES_ERROR;
				CLANG_WARN_QUOTED_INCLUDE_IN_FRAMEWORK_HEADER = YES;
				CLANG_WARN_RANGE_LOOP_ANALYSIS = YES;
				CLANG_WARN_STRICT_PROTOTYPES = YES;
				CLANG_WARN_SUSPICIOUS_MOVE = YES;
				CLANG_WARN_UNGUARDED_AVAILABILITY = YES_AGGRESSIVE;
				CLANG_WARN_UNREACHABLE_CODE = YES;
				CLANG_WARN__DUPLICATE_METHOD_MATCH = YES;
				COPY_PHASE_STRIP = NO;
				DEBUG_INFORMATION_FORMAT = "dwarf-with-dsym";
				ENABLE_NS_ASSERTIONS = NO;
				ENABLE_STRICT_OBJC_MSGSEND = YES;
				GCC_C_LANGUAGE_STANDARD = gnu11;
				GCC_NO_COMMON_BLOCKS = YES;
				GCC_WARN_64_TO_32_BIT_CONVERSION = YES;
				GCC_WARN_ABOUT_RETURN_TYPE = YES_ERROR;
				GCC_WARN_UNDECLARED_SELECTOR = YES;
				GCC_WARN_UNINITIALIZED_AUTOS = YES_AGGRESSIVE;
				GCC_WARN_UNUSED_FUNCTION = YES;
				GCC_WARN_UNUSED_VARIABLE = YES;
				IPHONEOS_DEPLOYMENT_TARGET = 15.4;
				MTL_ENABLE_DEBUG_INFO = NO;
				MTL_FAST_MATH = YES;
				SDKROOT = iphoneos;
				SWIFT_COMPILATION_MODE = wholemodule;
				SWIFT_OPTIMIZATION_LEVEL = "-O";
				VALIDATE_PRODUCT = YES;
			};
			name = Release;
		};
		52D0535F287BAF9100FF87DD /* Debug */ = {
			isa = XCBuildConfiguration;
			buildSettings = {
				ASSETCATALOG_COMPILER_APPICON_NAME = AppIcon;
				ASSETCATALOG_COMPILER_GLOBAL_ACCENT_COLOR_NAME = AccentColor;
				CODE_SIGN_IDENTITY = "iPhone Developer";
				CODE_SIGN_STYLE = Manual;
				CURRENT_PROJECT_VERSION = 1;
				DEVELOPMENT_TEAM = 4JPWGVR2ZN;
				GENERATE_INFOPLIST_FILE = YES;
				INFOPLIST_FILE = FruitFruit/Info.plist;
				INFOPLIST_KEY_UIApplicationSupportsIndirectInputEvents = YES;
				INFOPLIST_KEY_UILaunchStoryboardName = LaunchScreen;
				INFOPLIST_KEY_UIMainStoryboardFile = Home;
				INFOPLIST_KEY_UISupportedInterfaceOrientations_iPad = "UIInterfaceOrientationPortrait UIInterfaceOrientationPortraitUpsideDown UIInterfaceOrientationLandscapeLeft UIInterfaceOrientationLandscapeRight";
				INFOPLIST_KEY_UISupportedInterfaceOrientations_iPhone = "UIInterfaceOrientationPortrait UIInterfaceOrientationLandscapeLeft UIInterfaceOrientationLandscapeRight";
				LD_RUNPATH_SEARCH_PATHS = (
					"$(inherited)",
					"@executable_path/Frameworks",
				);
				MARKETING_VERSION = 1.0;
				PRODUCT_BUNDLE_IDENTIFIER = FruitFruit;
				PRODUCT_NAME = "$(TARGET_NAME)";
				PROVISIONING_PROFILE_SPECIFIER = Mony;
				SWIFT_EMIT_LOC_STRINGS = YES;
				SWIFT_VERSION = 5.0;
				TARGETED_DEVICE_FAMILY = "1,2";
			};
			name = Debug;
		};
		52D05360287BAF9100FF87DD /* Release */ = {
			isa = XCBuildConfiguration;
			buildSettings = {
				ASSETCATALOG_COMPILER_APPICON_NAME = AppIcon;
				ASSETCATALOG_COMPILER_GLOBAL_ACCENT_COLOR_NAME = AccentColor;
				CODE_SIGN_IDENTITY = "iPhone Developer";
				CODE_SIGN_STYLE = Manual;
				CURRENT_PROJECT_VERSION = 1;
				DEVELOPMENT_TEAM = 4JPWGVR2ZN;
				GENERATE_INFOPLIST_FILE = YES;
				INFOPLIST_FILE = FruitFruit/Info.plist;
				INFOPLIST_KEY_UIApplicationSupportsIndirectInputEvents = YES;
				INFOPLIST_KEY_UILaunchStoryboardName = LaunchScreen;
				INFOPLIST_KEY_UIMainStoryboardFile = Home;
				INFOPLIST_KEY_UISupportedInterfaceOrientations_iPad = "UIInterfaceOrientationPortrait UIInterfaceOrientationPortraitUpsideDown UIInterfaceOrientationLandscapeLeft UIInterfaceOrientationLandscapeRight";
				INFOPLIST_KEY_UISupportedInterfaceOrientations_iPhone = "UIInterfaceOrientationPortrait UIInterfaceOrientationLandscapeLeft UIInterfaceOrientationLandscapeRight";
				LD_RUNPATH_SEARCH_PATHS = (
					"$(inherited)",
					"@executable_path/Frameworks",
				);
				MARKETING_VERSION = 1.0;
				PRODUCT_BUNDLE_IDENTIFIER = FruitFruit;
				PRODUCT_NAME = "$(TARGET_NAME)";
				PROVISIONING_PROFILE_SPECIFIER = Mony;
				SWIFT_EMIT_LOC_STRINGS = YES;
				SWIFT_VERSION = 5.0;
				TARGETED_DEVICE_FAMILY = "1,2";
			};
			name = Release;
		};
/* End XCBuildConfiguration section */

/* Begin XCConfigurationList section */
		52D05345287BAF9000FF87DD /* Build configuration list for PBXProject "FruitFruit" */ = {
			isa = XCConfigurationList;
			buildConfigurations = (
				52D0535C287BAF9100FF87DD /* Debug */,
				52D0535D287BAF9100FF87DD /* Release */,
			);
			defaultConfigurationIsVisible = 0;
			defaultConfigurationName = Release;
		};
		52D0535E287BAF9100FF87DD /* Build configuration list for PBXNativeTarget "FruitFruit" */ = {
			isa = XCConfigurationList;
			buildConfigurations = (
				52D0535F287BAF9100FF87DD /* Debug */,
				52D05360287BAF9100FF87DD /* Release */,
			);
			defaultConfigurationIsVisible = 0;
			defaultConfigurationName = Release;
		};
/* End XCConfigurationList section */

/* Begin XCRemoteSwiftPackageReference section */
		526189502890B9570059BFB0 /* XCRemoteSwiftPackageReference "firebase-ios-sdk" */ = {
			isa = XCRemoteSwiftPackageReference;
			repositoryURL = "https://github.com/firebase/firebase-ios-sdk";
			requirement = {
				kind = upToNextMajorVersion;
				minimumVersion = 9.0.0;
			};
		};
		526189512890B9AE0059BFB0 /* XCRemoteSwiftPackageReference "firebase-ios-sdk" */ = {
			isa = XCRemoteSwiftPackageReference;
			repositoryURL = "https://github.com/firebase/firebase-ios-sdk";
			requirement = {
				kind = upToNextMajorVersion;
				minimumVersion = 9.0.0;
			};
		};
		526189582890E3DF0059BFB0 /* XCRemoteSwiftPackageReference "lottie-ios" */ = {
			isa = XCRemoteSwiftPackageReference;
			repositoryURL = "https://github.com/airbnb/lottie-ios.git";
			requirement = {
				kind = upToNextMajorVersion;
				minimumVersion = 3.0.0;
			};
		};
/* End XCRemoteSwiftPackageReference section */

/* Begin XCSwiftPackageProductDependency section */
		526189522890BA360059BFB0 /* FirebaseAuth */ = {
			isa = XCSwiftPackageProductDependency;
			package = 526189502890B9570059BFB0 /* XCRemoteSwiftPackageReference "firebase-ios-sdk" */;
			productName = FirebaseAuth;
		};
		526189542890BA3A0059BFB0 /* FirebaseFirestore */ = {
			isa = XCSwiftPackageProductDependency;
			package = 526189502890B9570059BFB0 /* XCRemoteSwiftPackageReference "firebase-ios-sdk" */;
			productName = FirebaseFirestore;
		};
		526189592890E3E00059BFB0 /* Lottie */ = {
			isa = XCSwiftPackageProductDependency;
			package = 526189582890E3DF0059BFB0 /* XCRemoteSwiftPackageReference "lottie-ios" */;
			productName = Lottie;
		};
/* End XCSwiftPackageProductDependency section */
	};
	rootObject = 52D05342287BAF9000FF87DD /* Project object */;
}
