// !$*UTF8*$!
{
	archiveVersion = 1;
	classes = {
	};
	objectVersion = 55;
	objects = {

/* Begin PBXBuildFile section */
		4ACD0015287FEF9C00BBEB4D /* Font+Extension.swift in Sources */ = {isa = PBXBuildFile; fileRef = 4ACD0014287FEF9C00BBEB4D /* Font+Extension.swift */; };
		4ACD001E288073D600BBEB4D /* UIView+Extension.swift in Sources */ = {isa = PBXBuildFile; fileRef = 4ACD001D288073D600BBEB4D /* UIView+Extension.swift */; };
		4ACD0024288103E100BBEB4D /* Home.storyboard in Resources */ = {isa = PBXBuildFile; fileRef = 4ACD0023288103E100BBEB4D /* Home.storyboard */; };
		4ACD00272881041400BBEB4D /* HomeViewController.swift in Sources */ = {isa = PBXBuildFile; fileRef = 4ACD00262881041400BBEB4D /* HomeViewController.swift */; };
		4AD892D7287E9A0E00A01BA3 /* FirebaseFirestore in Frameworks */ = {isa = PBXBuildFile; productRef = 4AD892D6287E9A0E00A01BA3 /* FirebaseFirestore */; };
		4AD892D9287E9A0E00A01BA3 /* FirebaseFirestoreSwift in Frameworks */ = {isa = PBXBuildFile; productRef = 4AD892D8287E9A0E00A01BA3 /* FirebaseFirestoreSwift */; };
		4AD892DB287E9B7200A01BA3 /* InitSetting.storyboard in Resources */ = {isa = PBXBuildFile; fileRef = 4AD892DA287E9B7200A01BA3 /* InitSetting.storyboard */; };
		4AD892DD287EA21F00A01BA3 /* FruitTextField.swift in Sources */ = {isa = PBXBuildFile; fileRef = 4AD892DC287EA21F00A01BA3 /* FruitTextField.swift */; };
		4AD892DF287EA4B000A01BA3 /* GoogleService-Info.plist in Resources */ = {isa = PBXBuildFile; fileRef = 4AD892DE287EA4AF00A01BA3 /* GoogleService-Info.plist */; };
		4AD892E3287F0A9200A01BA3 /* InitSettingViewController.swift in Sources */ = {isa = PBXBuildFile; fileRef = 4AD892E2287F0A9200A01BA3 /* InitSettingViewController.swift */; };
		4AD892E5287F0DC500A01BA3 /* User.swift in Sources */ = {isa = PBXBuildFile; fileRef = 4AD892E4287F0DC500A01BA3 /* User.swift */; };
		4AD892E7287F0FE100A01BA3 /* Constants.swift in Sources */ = {isa = PBXBuildFile; fileRef = 4AD892E6287F0FE100A01BA3 /* Constants.swift */; };
		52D0534E287BAF9000FF87DD /* AppDelegate.swift in Sources */ = {isa = PBXBuildFile; fileRef = 52D0534D287BAF9000FF87DD /* AppDelegate.swift */; };
		52D05350287BAF9000FF87DD /* SceneDelegate.swift in Sources */ = {isa = PBXBuildFile; fileRef = 52D0534F287BAF9000FF87DD /* SceneDelegate.swift */; };
		52D05357287BAF9100FF87DD /* Assets.xcassets in Resources */ = {isa = PBXBuildFile; fileRef = 52D05356287BAF9100FF87DD /* Assets.xcassets */; };
		52D0535A287BAF9100FF87DD /* LaunchScreen.storyboard in Resources */ = {isa = PBXBuildFile; fileRef = 52D05358287BAF9100FF87DD /* LaunchScreen.storyboard */; };
/* End PBXBuildFile section */

/* Begin PBXFileReference section */
		4ACD0014287FEF9C00BBEB4D /* Font+Extension.swift */ = {isa = PBXFileReference; lastKnownFileType = sourcecode.swift; path = "Font+Extension.swift"; sourceTree = "<group>"; };
		4ACD001D288073D600BBEB4D /* UIView+Extension.swift */ = {isa = PBXFileReference; lastKnownFileType = sourcecode.swift; path = "UIView+Extension.swift"; sourceTree = "<group>"; };
		4ACD0023288103E100BBEB4D /* Home.storyboard */ = {isa = PBXFileReference; lastKnownFileType = file.storyboard; path = Home.storyboard; sourceTree = "<group>"; };
		4ACD00262881041400BBEB4D /* HomeViewController.swift */ = {isa = PBXFileReference; lastKnownFileType = sourcecode.swift; path = HomeViewController.swift; sourceTree = "<group>"; };
		4AD892DA287E9B7200A01BA3 /* InitSetting.storyboard */ = {isa = PBXFileReference; lastKnownFileType = file.storyboard; path = InitSetting.storyboard; sourceTree = "<group>"; };
		4AD892DC287EA21F00A01BA3 /* FruitTextField.swift */ = {isa = PBXFileReference; lastKnownFileType = sourcecode.swift; path = FruitTextField.swift; sourceTree = "<group>"; };
		4AD892DE287EA4AF00A01BA3 /* GoogleService-Info.plist */ = {isa = PBXFileReference; fileEncoding = 4; lastKnownFileType = text.plist.xml; path = "GoogleService-Info.plist"; sourceTree = "<group>"; };
		4AD892E2287F0A9200A01BA3 /* InitSettingViewController.swift */ = {isa = PBXFileReference; lastKnownFileType = sourcecode.swift; path = InitSettingViewController.swift; sourceTree = "<group>"; };
		4AD892E4287F0DC500A01BA3 /* User.swift */ = {isa = PBXFileReference; lastKnownFileType = sourcecode.swift; path = User.swift; sourceTree = "<group>"; };
		4AD892E6287F0FE100A01BA3 /* Constants.swift */ = {isa = PBXFileReference; lastKnownFileType = sourcecode.swift; path = Constants.swift; sourceTree = "<group>"; };
		52D0534A287BAF9000FF87DD /* FruitFruit.app */ = {isa = PBXFileReference; explicitFileType = wrapper.application; includeInIndex = 0; path = FruitFruit.app; sourceTree = BUILT_PRODUCTS_DIR; };
		52D0534D287BAF9000FF87DD /* AppDelegate.swift */ = {isa = PBXFileReference; lastKnownFileType = sourcecode.swift; path = AppDelegate.swift; sourceTree = "<group>"; };
		52D0534F287BAF9000FF87DD /* SceneDelegate.swift */ = {isa = PBXFileReference; lastKnownFileType = sourcecode.swift; path = SceneDelegate.swift; sourceTree = "<group>"; };
		52D05356287BAF9100FF87DD /* Assets.xcassets */ = {isa = PBXFileReference; lastKnownFileType = folder.assetcatalog; path = Assets.xcassets; sourceTree = "<group>"; };
		52D05359287BAF9100FF87DD /* Base */ = {isa = PBXFileReference; lastKnownFileType = file.storyboard; name = Base; path = Base.lproj/LaunchScreen.storyboard; sourceTree = "<group>"; };
		52D0535B287BAF9100FF87DD /* Info.plist */ = {isa = PBXFileReference; lastKnownFileType = text.plist.xml; path = Info.plist; sourceTree = "<group>"; };
/* End PBXFileReference section */

/* Begin PBXFrameworksBuildPhase section */
		52D05347287BAF9000FF87DD /* Frameworks */ = {
			isa = PBXFrameworksBuildPhase;
			buildActionMask = 2147483647;
			files = (
				4AD892D7287E9A0E00A01BA3 /* FirebaseFirestore in Frameworks */,
				4AD892D9287E9A0E00A01BA3 /* FirebaseFirestoreSwift in Frameworks */,
			);
			runOnlyForDeploymentPostprocessing = 0;
		};
/* End PBXFrameworksBuildPhase section */

/* Begin PBXGroup section */
		4A14564F287FC663007CBED0 /* InitStoryboard */ = {
			isa = PBXGroup;
			children = (
				4AD892DC287EA21F00A01BA3 /* FruitTextField.swift */,
				4AD892DA287E9B7200A01BA3 /* InitSetting.storyboard */,
			);
			path = InitStoryboard;
			sourceTree = "<group>";
		};
		4ACD0016287FEFA100BBEB4D /* Extension */ = {
			isa = PBXGroup;
			children = (
				4ACD0014287FEF9C00BBEB4D /* Font+Extension.swift */,
				4ACD001D288073D600BBEB4D /* UIView+Extension.swift */,
			);
			path = Extension;
			sourceTree = "<group>";
		};
		4ACD0025288103E800BBEB4D /* HomeStoryboard */ = {
			isa = PBXGroup;
			children = (
				4ACD0023288103E100BBEB4D /* Home.storyboard */,
			);
			path = HomeStoryboard;
			sourceTree = "<group>";
		};
		4AD892E8287F0FE700A01BA3 /* Utilities */ = {
			isa = PBXGroup;
			children = (
				4AD892E6287F0FE100A01BA3 /* Constants.swift */,
			);
			path = Utilities;
			sourceTree = "<group>";
		};
		52D05341287BAF9000FF87DD = {
			isa = PBXGroup;
			children = (
				52D0534C287BAF9000FF87DD /* FruitFruit */,
				52D0534B287BAF9000FF87DD /* Products */,
			);
			sourceTree = "<group>";
		};
		52D0534B287BAF9000FF87DD /* Products */ = {
			isa = PBXGroup;
			children = (
				52D0534A287BAF9000FF87DD /* FruitFruit.app */,
			);
			name = Products;
			sourceTree = "<group>";
		};
		52D0534C287BAF9000FF87DD /* FruitFruit */ = {
			isa = PBXGroup;
			children = (
				52D0534D287BAF9000FF87DD /* AppDelegate.swift */,
				52D0534F287BAF9000FF87DD /* SceneDelegate.swift */,
				52D05363287BB6A200FF87DD /* Models */,
				52D05362287BB69600FF87DD /* Views */,
				52D05361287BB68500FF87DD /* Controllers */,
				52D05356287BAF9100FF87DD /* Assets.xcassets */,
				52D05358287BAF9100FF87DD /* LaunchScreen.storyboard */,
				52D0535B287BAF9100FF87DD /* Info.plist */,
				4AD892DE287EA4AF00A01BA3 /* GoogleService-Info.plist */,
				4AD892E8287F0FE700A01BA3 /* Utilities */,
				4ACD0016287FEFA100BBEB4D /* Extension */,
			);
			path = FruitFruit;
			sourceTree = "<group>";
		};
		52D05361287BB68500FF87DD /* Controllers */ = {
			isa = PBXGroup;
			children = (
				4AD892E2287F0A9200A01BA3 /* InitSettingViewController.swift */,
				4ACD00262881041400BBEB4D /* HomeViewController.swift */,
			);
			path = Controllers;
			sourceTree = "<group>";
		};
		52D05362287BB69600FF87DD /* Views */ = {
			isa = PBXGroup;
			children = (
				4A14564F287FC663007CBED0 /* InitStoryboard */,
				4ACD0025288103E800BBEB4D /* HomeStoryboard */,
			);
			path = Views;
			sourceTree = "<group>";
		};
		52D05363287BB6A200FF87DD /* Models */ = {
			isa = PBXGroup;
			children = (
				4AD892E4287F0DC500A01BA3 /* User.swift */,
			);
			path = Models;
			sourceTree = "<group>";
		};
/* End PBXGroup section */

/* Begin PBXNativeTarget section */
		52D05349287BAF9000FF87DD /* FruitFruit */ = {
			isa = PBXNativeTarget;
			buildConfigurationList = 52D0535E287BAF9100FF87DD /* Build configuration list for PBXNativeTarget "FruitFruit" */;
			buildPhases = (
				52D05346287BAF9000FF87DD /* Sources */,
				52D05347287BAF9000FF87DD /* Frameworks */,
				52D05348287BAF9000FF87DD /* Resources */,
			);
			buildRules = (
			);
			dependencies = (
			);
			name = FruitFruit;
			packageProductDependencies = (
				4AD892D6287E9A0E00A01BA3 /* FirebaseFirestore */,
				4AD892D8287E9A0E00A01BA3 /* FirebaseFirestoreSwift */,
			);
			productName = FruitFruit;
			productReference = 52D0534A287BAF9000FF87DD /* FruitFruit.app */;
			productType = "com.apple.product-type.application";
		};
/* End PBXNativeTarget section */

/* Begin PBXProject section */
		52D05342287BAF9000FF87DD /* Project object */ = {
			isa = PBXProject;
			attributes = {
				BuildIndependentTargetsInParallel = 1;
				LastSwiftUpdateCheck = 1330;
				LastUpgradeCheck = 1330;
				TargetAttributes = {
					52D05349287BAF9000FF87DD = {
						CreatedOnToolsVersion = 13.3;
					};
				};
			};
			buildConfigurationList = 52D05345287BAF9000FF87DD /* Build configuration list for PBXProject "FruitFruit" */;
			compatibilityVersion = "Xcode 13.0";
			developmentRegion = en;
			hasScannedForEncodings = 0;
			knownRegions = (
				en,
				Base,
			);
			mainGroup = 52D05341287BAF9000FF87DD;
			packageReferences = (
				4AD892D5287E9A0E00A01BA3 /* XCRemoteSwiftPackageReference "firebase-ios-sdk" */,
			);
			productRefGroup = 52D0534B287BAF9000FF87DD /* Products */;
			projectDirPath = "";
			projectRoot = "";
			targets = (
				52D05349287BAF9000FF87DD /* FruitFruit */,
			);
		};
/* End PBXProject section */

/* Begin PBXResourcesBuildPhase section */
		52D05348287BAF9000FF87DD /* Resources */ = {
			isa = PBXResourcesBuildPhase;
			buildActionMask = 2147483647;
			files = (
				52D0535A287BAF9100FF87DD /* LaunchScreen.storyboard in Resources */,
				4ACD0024288103E100BBEB4D /* Home.storyboard in Resources */,
				4AD892DF287EA4B000A01BA3 /* GoogleService-Info.plist in Resources */,
				52D05357287BAF9100FF87DD /* Assets.xcassets in Resources */,
				4AD892DB287E9B7200A01BA3 /* InitSetting.storyboard in Resources */,
			);
			runOnlyForDeploymentPostprocessing = 0;
		};
/* End PBXResourcesBuildPhase section */

/* Begin PBXSourcesBuildPhase section */
		52D05346287BAF9000FF87DD /* Sources */ = {
			isa = PBXSourcesBuildPhase;
			buildActionMask = 2147483647;
			files = (
				52D0534E287BAF9000FF87DD /* AppDelegate.swift in Sources */,
				4AD892E5287F0DC500A01BA3 /* User.swift in Sources */,
				4AD892E3287F0A9200A01BA3 /* InitSettingViewController.swift in Sources */,
				4AD892E7287F0FE100A01BA3 /* Constants.swift in Sources */,
				4AD892DD287EA21F00A01BA3 /* FruitTextField.swift in Sources */,
				4ACD00272881041400BBEB4D /* HomeViewController.swift in Sources */,
				4ACD0015287FEF9C00BBEB4D /* Font+Extension.swift in Sources */,
				4ACD001E288073D600BBEB4D /* UIView+Extension.swift in Sources */,
				52D05350287BAF9000FF87DD /* SceneDelegate.swift in Sources */,
			);
			runOnlyForDeploymentPostprocessing = 0;
		};
/* End PBXSourcesBuildPhase section */

/* Begin PBXVariantGroup section */
		52D05358287BAF9100FF87DD /* LaunchScreen.storyboard */ = {
			isa = PBXVariantGroup;
			children = (
				52D05359287BAF9100FF87DD /* Base */,
			);
			name = LaunchScreen.storyboard;
			sourceTree = "<group>";
		};
/* End PBXVariantGroup section */

/* Begin XCBuildConfiguration section */
		52D0535C287BAF9100FF87DD /* Debug */ = {
			isa = XCBuildConfiguration;
			buildSettings = {
				ALWAYS_SEARCH_USER_PATHS = NO;
				CLANG_ANALYZER_NONNULL = YES;
				CLANG_ANALYZER_NUMBER_OBJECT_CONVERSION = YES_AGGRESSIVE;
				CLANG_CXX_LANGUAGE_STANDARD = "gnu++17";
				CLANG_ENABLE_MODULES = YES;
				CLANG_ENABLE_OBJC_ARC = YES;
				CLANG_ENABLE_OBJC_WEAK = YES;
				CLANG_WARN_BLOCK_CAPTURE_AUTORELEASING = YES;
				CLANG_WARN_BOOL_CONVERSION = YES;
				CLANG_WARN_COMMA = YES;
				CLANG_WARN_CONSTANT_CONVERSION = YES;
				CLANG_WARN_DEPRECATED_OBJC_IMPLEMENTATIONS = YES;
				CLANG_WARN_DIRECT_OBJC_ISA_USAGE = YES_ERROR;
				CLANG_WARN_DOCUMENTATION_COMMENTS = YES;
				CLANG_WARN_EMPTY_BODY = YES;
				CLANG_WARN_ENUM_CONVERSION = YES;
				CLANG_WARN_INFINITE_RECURSION = YES;
				CLANG_WARN_INT_CONVERSION = YES;
				CLANG_WARN_NON_LITERAL_NULL_CONVERSION = YES;
				CLANG_WARN_OBJC_IMPLICIT_RETAIN_SELF = YES;
				CLANG_WARN_OBJC_LITERAL_CONVERSION = YES;
				CLANG_WARN_OBJC_ROOT_CLASS = YES_ERROR;
				CLANG_WARN_QUOTED_INCLUDE_IN_FRAMEWORK_HEADER = YES;
				CLANG_WARN_RANGE_LOOP_ANALYSIS = YES;
				CLANG_WARN_STRICT_PROTOTYPES = YES;
				CLANG_WARN_SUSPICIOUS_MOVE = YES;
				CLANG_WARN_UNGUARDED_AVAILABILITY = YES_AGGRESSIVE;
				CLANG_WARN_UNREACHABLE_CODE = YES;
				CLANG_WARN__DUPLICATE_METHOD_MATCH = YES;
				COPY_PHASE_STRIP = NO;
				DEBUG_INFORMATION_FORMAT = dwarf;
				ENABLE_STRICT_OBJC_MSGSEND = YES;
				ENABLE_TESTABILITY = YES;
				GCC_C_LANGUAGE_STANDARD = gnu11;
				GCC_DYNAMIC_NO_PIC = NO;
				GCC_NO_COMMON_BLOCKS = YES;
				GCC_OPTIMIZATION_LEVEL = 0;
				GCC_PREPROCESSOR_DEFINITIONS = (
					"DEBUG=1",
					"$(inherited)",
				);
				GCC_WARN_64_TO_32_BIT_CONVERSION = YES;
				GCC_WARN_ABOUT_RETURN_TYPE = YES_ERROR;
				GCC_WARN_UNDECLARED_SELECTOR = YES;
				GCC_WARN_UNINITIALIZED_AUTOS = YES_AGGRESSIVE;
				GCC_WARN_UNUSED_FUNCTION = YES;
				GCC_WARN_UNUSED_VARIABLE = YES;
				IPHONEOS_DEPLOYMENT_TARGET = 15.4;
				MTL_ENABLE_DEBUG_INFO = INCLUDE_SOURCE;
				MTL_FAST_MATH = YES;
				ONLY_ACTIVE_ARCH = YES;
				SDKROOT = iphoneos;
				SWIFT_ACTIVE_COMPILATION_CONDITIONS = DEBUG;
				SWIFT_OPTIMIZATION_LEVEL = "-Onone";
			};
			name = Debug;
		};
		52D0535D287BAF9100FF87DD /* Release */ = {
			isa = XCBuildConfiguration;
			buildSettings = {
				ALWAYS_SEARCH_USER_PATHS = NO;
				CLANG_ANALYZER_NONNULL = YES;
				CLANG_ANALYZER_NUMBER_OBJECT_CONVERSION = YES_AGGRESSIVE;
				CLANG_CXX_LANGUAGE_STANDARD = "gnu++17";
				CLANG_ENABLE_MODULES = YES;
				CLANG_ENABLE_OBJC_ARC = YES;
				CLANG_ENABLE_OBJC_WEAK = YES;
				CLANG_WARN_BLOCK_CAPTURE_AUTORELEASING = YES;
				CLANG_WARN_BOOL_CONVERSION = YES;
				CLANG_WARN_COMMA = YES;
				CLANG_WARN_CONSTANT_CONVERSION = YES;
				CLANG_WARN_DEPRECATED_OBJC_IMPLEMENTATIONS = YES;
				CLANG_WARN_DIRECT_OBJC_ISA_USAGE = YES_ERROR;
				CLANG_WARN_DOCUMENTATION_COMMENTS = YES;
				CLANG_WARN_EMPTY_BODY = YES;
				CLANG_WARN_ENUM_CONVERSION = YES;
				CLANG_WARN_INFINITE_RECURSION = YES;
				CLANG_WARN_INT_CONVERSION = YES;
				CLANG_WARN_NON_LITERAL_NULL_CONVERSION = YES;
				CLANG_WARN_OBJC_IMPLICIT_RETAIN_SELF = YES;
				CLANG_WARN_OBJC_LITERAL_CONVERSION = YES;
				CLANG_WARN_OBJC_ROOT_CLASS = YES_ERROR;
				CLANG_WARN_QUOTED_INCLUDE_IN_FRAMEWORK_HEADER = YES;
				CLANG_WARN_RANGE_LOOP_ANALYSIS = YES;
				CLANG_WARN_STRICT_PROTOTYPES = YES;
				CLANG_WARN_SUSPICIOUS_MOVE = YES;
				CLANG_WARN_UNGUARDED_AVAILABILITY = YES_AGGRESSIVE;
				CLANG_WARN_UNREACHABLE_CODE = YES;
				CLANG_WARN__DUPLICATE_METHOD_MATCH = YES;
				COPY_PHASE_STRIP = NO;
				DEBUG_INFORMATION_FORMAT = "dwarf-with-dsym";
				ENABLE_NS_ASSERTIONS = NO;
				ENABLE_STRICT_OBJC_MSGSEND = YES;
				GCC_C_LANGUAGE_STANDARD = gnu11;
				GCC_NO_COMMON_BLOCKS = YES;
				GCC_WARN_64_TO_32_BIT_CONVERSION = YES;
				GCC_WARN_ABOUT_RETURN_TYPE = YES_ERROR;
				GCC_WARN_UNDECLARED_SELECTOR = YES;
				GCC_WARN_UNINITIALIZED_AUTOS = YES_AGGRESSIVE;
				GCC_WARN_UNUSED_FUNCTION = YES;
				GCC_WARN_UNUSED_VARIABLE = YES;
				IPHONEOS_DEPLOYMENT_TARGET = 15.4;
				MTL_ENABLE_DEBUG_INFO = NO;
				MTL_FAST_MATH = YES;
				SDKROOT = iphoneos;
				SWIFT_COMPILATION_MODE = wholemodule;
				SWIFT_OPTIMIZATION_LEVEL = "-O";
				VALIDATE_PRODUCT = YES;
			};
			name = Release;
		};
		52D0535F287BAF9100FF87DD /* Debug */ = {
			isa = XCBuildConfiguration;
			buildSettings = {
				ASSETCATALOG_COMPILER_APPICON_NAME = AppIcon;
				ASSETCATALOG_COMPILER_GLOBAL_ACCENT_COLOR_NAME = AccentColor;
				CODE_SIGN_IDENTITY = "iPhone Developer";
				CODE_SIGN_STYLE = Manual;
				CURRENT_PROJECT_VERSION = 1;
				DEVELOPMENT_TEAM = 4JPWGVR2ZN;
				GENERATE_INFOPLIST_FILE = YES;
				INFOPLIST_FILE = FruitFruit/Info.plist;
				INFOPLIST_KEY_UIApplicationSupportsIndirectInputEvents = YES;
				INFOPLIST_KEY_UILaunchStoryboardName = LaunchScreen;
				INFOPLIST_KEY_UIMainStoryboardFile = InitSetting;
				INFOPLIST_KEY_UISupportedInterfaceOrientations_iPad = "UIInterfaceOrientationPortrait UIInterfaceOrientationPortraitUpsideDown UIInterfaceOrientationLandscapeLeft UIInterfaceOrientationLandscapeRight";
				INFOPLIST_KEY_UISupportedInterfaceOrientations_iPhone = "UIInterfaceOrientationPortrait UIInterfaceOrientationLandscapeLeft UIInterfaceOrientationLandscapeRight";
				LD_RUNPATH_SEARCH_PATHS = (
					"$(inherited)",
					"@executable_path/Frameworks",
				);
				MARKETING_VERSION = 1.0;
				PRODUCT_BUNDLE_IDENTIFIER = FruitFruit;
				PRODUCT_NAME = "$(TARGET_NAME)";
				PROVISIONING_PROFILE_SPECIFIER = Mony;
				SWIFT_EMIT_LOC_STRINGS = YES;
				SWIFT_VERSION = 5.0;
				TARGETED_DEVICE_FAMILY = "1,2";
			};
			name = Debug;
		};
		52D05360287BAF9100FF87DD /* Release */ = {
			isa = XCBuildConfiguration;
			buildSettings = {
				ASSETCATALOG_COMPILER_APPICON_NAME = AppIcon;
				ASSETCATALOG_COMPILER_GLOBAL_ACCENT_COLOR_NAME = AccentColor;
				CODE_SIGN_IDENTITY = "iPhone Developer";
				CODE_SIGN_STYLE = Manual;
				CURRENT_PROJECT_VERSION = 1;
				DEVELOPMENT_TEAM = 4JPWGVR2ZN;
				GENERATE_INFOPLIST_FILE = YES;
				INFOPLIST_FILE = FruitFruit/Info.plist;
				INFOPLIST_KEY_UIApplicationSupportsIndirectInputEvents = YES;
				INFOPLIST_KEY_UILaunchStoryboardName = LaunchScreen;
				INFOPLIST_KEY_UIMainStoryboardFile = InitSetting;
				INFOPLIST_KEY_UISupportedInterfaceOrientations_iPad = "UIInterfaceOrientationPortrait UIInterfaceOrientationPortraitUpsideDown UIInterfaceOrientationLandscapeLeft UIInterfaceOrientationLandscapeRight";
				INFOPLIST_KEY_UISupportedInterfaceOrientations_iPhone = "UIInterfaceOrientationPortrait UIInterfaceOrientationLandscapeLeft UIInterfaceOrientationLandscapeRight";
				LD_RUNPATH_SEARCH_PATHS = (
					"$(inherited)",
					"@executable_path/Frameworks",
				);
				MARKETING_VERSION = 1.0;
				PRODUCT_BUNDLE_IDENTIFIER = FruitFruit;
				PRODUCT_NAME = "$(TARGET_NAME)";
				PROVISIONING_PROFILE_SPECIFIER = Mony;
				SWIFT_EMIT_LOC_STRINGS = YES;
				SWIFT_VERSION = 5.0;
				TARGETED_DEVICE_FAMILY = "1,2";
			};
			name = Release;
		};
/* End XCBuildConfiguration section */

/* Begin XCConfigurationList section */
		52D05345287BAF9000FF87DD /* Build configuration list for PBXProject "FruitFruit" */ = {
			isa = XCConfigurationList;
			buildConfigurations = (
				52D0535C287BAF9100FF87DD /* Debug */,
				52D0535D287BAF9100FF87DD /* Release */,
			);
			defaultConfigurationIsVisible = 0;
			defaultConfigurationName = Release;
		};
		52D0535E287BAF9100FF87DD /* Build configuration list for PBXNativeTarget "FruitFruit" */ = {
			isa = XCConfigurationList;
			buildConfigurations = (
				52D0535F287BAF9100FF87DD /* Debug */,
				52D05360287BAF9100FF87DD /* Release */,
			);
			defaultConfigurationIsVisible = 0;
			defaultConfigurationName = Release;
		};
/* End XCConfigurationList section */

/* Begin XCRemoteSwiftPackageReference section */
		4AD892D5287E9A0E00A01BA3 /* XCRemoteSwiftPackageReference "firebase-ios-sdk" */ = {
			isa = XCRemoteSwiftPackageReference;
			repositoryURL = "https://github.com/firebase/firebase-ios-sdk.git";
			requirement = {
				kind = upToNextMajorVersion;
				minimumVersion = 9.0.0;
			};
		};
/* End XCRemoteSwiftPackageReference section */

/* Begin XCSwiftPackageProductDependency section */
		4AD892D6287E9A0E00A01BA3 /* FirebaseFirestore */ = {
			isa = XCSwiftPackageProductDependency;
			package = 4AD892D5287E9A0E00A01BA3 /* XCRemoteSwiftPackageReference "firebase-ios-sdk" */;
			productName = FirebaseFirestore;
		};
		4AD892D8287E9A0E00A01BA3 /* FirebaseFirestoreSwift */ = {
			isa = XCSwiftPackageProductDependency;
			package = 4AD892D5287E9A0E00A01BA3 /* XCRemoteSwiftPackageReference "firebase-ios-sdk" */;
			productName = FirebaseFirestoreSwift;
		};
/* End XCSwiftPackageProductDependency section */
	};
	rootObject = 52D05342287BAF9000FF87DD /* Project object */;
}
